// !$*UTF8*$!
{
	archiveVersion = 1;
	classes = {
	};
	objectVersion = 56;
	objects = {

/* Begin PBXBuildFile section */
		AA928BC52BBF87AE000F478E /* PreventScreenshot.swift in Sources */ = {isa = PBXBuildFile; fileRef = AA928BC42BBF87AE000F478E /* PreventScreenshot.swift */; };
		AAF2DF4C2BBE9DBA00000BFA /* PerpusUversApp.swift in Sources */ = {isa = PBXBuildFile; fileRef = AAF2DF4B2BBE9DBA00000BFA /* PerpusUversApp.swift */; };
		AAF2DF4E2BBE9DBA00000BFA /* ContentView.swift in Sources */ = {isa = PBXBuildFile; fileRef = AAF2DF4D2BBE9DBA00000BFA /* ContentView.swift */; };
		AAF2DF502BBE9DBC00000BFA /* Assets.xcassets in Resources */ = {isa = PBXBuildFile; fileRef = AAF2DF4F2BBE9DBC00000BFA /* Assets.xcassets */; };
		AAF2DF532BBE9DBC00000BFA /* Preview Assets.xcassets in Resources */ = {isa = PBXBuildFile; fileRef = AAF2DF522BBE9DBC00000BFA /* Preview Assets.xcassets */; };
		AAF2DF5B2BBEA2C400000BFA /* APIManager.swift in Sources */ = {isa = PBXBuildFile; fileRef = AAF2DF5A2BBEA2C400000BFA /* APIManager.swift */; };
		AAF2DF5D2BBEA2DE00000BFA /* BookModels.swift in Sources */ = {isa = PBXBuildFile; fileRef = AAF2DF5C2BBEA2DE00000BFA /* BookModels.swift */; };
		AAF2DF5F2BBEB3AA00000BFA /* BookDetailView.swift in Sources */ = {isa = PBXBuildFile; fileRef = AAF2DF5E2BBEB3AA00000BFA /* BookDetailView.swift */; };
		AAF2DF622BBEB61F00000BFA /* ChangePassword.swift in Sources */ = {isa = PBXBuildFile; fileRef = AAF2DF612BBEB61F00000BFA /* ChangePassword.swift */; };
		AAF2DF642BBEB79000000BFA /* BookPdfView.swift in Sources */ = {isa = PBXBuildFile; fileRef = AAF2DF632BBEB79000000BFA /* BookPdfView.swift */; };
		AAF2DF662BBECA8D00000BFA /* LoginView.swift in Sources */ = {isa = PBXBuildFile; fileRef = AAF2DF652BBECA8D00000BFA /* LoginView.swift */; };
		AAF2DF682BBEE44900000BFA /* UserModel.swift in Sources */ = {isa = PBXBuildFile; fileRef = AAF2DF672BBEE44900000BFA /* UserModel.swift */; };
/* End PBXBuildFile section */

/* Begin PBXFileReference section */
		AA928BC42BBF87AE000F478E /* PreventScreenshot.swift */ = {isa = PBXFileReference; lastKnownFileType = sourcecode.swift; path = PreventScreenshot.swift; sourceTree = "<group>"; };
		AAF2DF482BBE9DBA00000BFA /* PerpusUvers.app */ = {isa = PBXFileReference; explicitFileType = wrapper.application; includeInIndex = 0; path = PerpusUvers.app; sourceTree = BUILT_PRODUCTS_DIR; };
		AAF2DF4B2BBE9DBA00000BFA /* PerpusUversApp.swift */ = {isa = PBXFileReference; lastKnownFileType = sourcecode.swift; path = PerpusUversApp.swift; sourceTree = "<group>"; };
		AAF2DF4D2BBE9DBA00000BFA /* ContentView.swift */ = {isa = PBXFileReference; lastKnownFileType = sourcecode.swift; path = ContentView.swift; sourceTree = "<group>"; };
		AAF2DF4F2BBE9DBC00000BFA /* Assets.xcassets */ = {isa = PBXFileReference; lastKnownFileType = folder.assetcatalog; path = Assets.xcassets; sourceTree = "<group>"; };
		AAF2DF522BBE9DBC00000BFA /* Preview Assets.xcassets */ = {isa = PBXFileReference; lastKnownFileType = folder.assetcatalog; path = "Preview Assets.xcassets"; sourceTree = "<group>"; };
		AAF2DF592BBE9E1E00000BFA /* Info.plist */ = {isa = PBXFileReference; lastKnownFileType = text.plist; path = Info.plist; sourceTree = "<group>"; };
		AAF2DF5A2BBEA2C400000BFA /* APIManager.swift */ = {isa = PBXFileReference; lastKnownFileType = sourcecode.swift; path = APIManager.swift; sourceTree = "<group>"; };
		AAF2DF5C2BBEA2DE00000BFA /* BookModels.swift */ = {isa = PBXFileReference; lastKnownFileType = sourcecode.swift; path = BookModels.swift; sourceTree = "<group>"; };
		AAF2DF5E2BBEB3AA00000BFA /* BookDetailView.swift */ = {isa = PBXFileReference; lastKnownFileType = sourcecode.swift; path = BookDetailView.swift; sourceTree = "<group>"; };
		AAF2DF612BBEB61F00000BFA /* ChangePassword.swift */ = {isa = PBXFileReference; lastKnownFileType = sourcecode.swift; path = ChangePassword.swift; sourceTree = "<group>"; };
		AAF2DF632BBEB79000000BFA /* BookPdfView.swift */ = {isa = PBXFileReference; lastKnownFileType = sourcecode.swift; path = BookPdfView.swift; sourceTree = "<group>"; };
		AAF2DF652BBECA8D00000BFA /* LoginView.swift */ = {isa = PBXFileReference; lastKnownFileType = sourcecode.swift; path = LoginView.swift; sourceTree = "<group>"; };
		AAF2DF672BBEE44900000BFA /* UserModel.swift */ = {isa = PBXFileReference; lastKnownFileType = sourcecode.swift; path = UserModel.swift; sourceTree = "<group>"; };
/* End PBXFileReference section */

/* Begin PBXFrameworksBuildPhase section */
		AAF2DF452BBE9DBA00000BFA /* Frameworks */ = {
			isa = PBXFrameworksBuildPhase;
			buildActionMask = 2147483647;
			files = (
			);
			runOnlyForDeploymentPostprocessing = 0;
		};
/* End PBXFrameworksBuildPhase section */

/* Begin PBXGroup section */
		AAF2DF3F2BBE9DBA00000BFA = {
			isa = PBXGroup;
			children = (
				AAF2DF4A2BBE9DBA00000BFA /* PerpusUvers */,
				AAF2DF492BBE9DBA00000BFA /* Products */,
			);
			sourceTree = "<group>";
		};
		AAF2DF492BBE9DBA00000BFA /* Products */ = {
			isa = PBXGroup;
			children = (
				AAF2DF482BBE9DBA00000BFA /* PerpusUvers.app */,
			);
			name = Products;
			sourceTree = "<group>";
		};
		AAF2DF4A2BBE9DBA00000BFA /* PerpusUvers */ = {
			isa = PBXGroup;
			children = (
				AAF2DF592BBE9E1E00000BFA /* Info.plist */,
				AAF2DF4B2BBE9DBA00000BFA /* PerpusUversApp.swift */,
				AAF2DF602BBEB5CD00000BFA /* View */,
				AAF2DF4F2BBE9DBC00000BFA /* Assets.xcassets */,
				AAF2DF512BBE9DBC00000BFA /* Preview Content */,
				AAF2DF5A2BBEA2C400000BFA /* APIManager.swift */,
				AAF2DF5C2BBEA2DE00000BFA /* BookModels.swift */,
				AAF2DF672BBEE44900000BFA /* UserModel.swift */,
				AA928BC42BBF87AE000F478E /* PreventScreenshot.swift */,
			);
			path = PerpusUvers;
			sourceTree = "<group>";
		};
		AAF2DF512BBE9DBC00000BFA /* Preview Content */ = {
			isa = PBXGroup;
			children = (
				AAF2DF522BBE9DBC00000BFA /* Preview Assets.xcassets */,
			);
			path = "Preview Content";
			sourceTree = "<group>";
		};
		AAF2DF602BBEB5CD00000BFA /* View */ = {
			isa = PBXGroup;
			children = (
				AAF2DF4D2BBE9DBA00000BFA /* ContentView.swift */,
				AAF2DF5E2BBEB3AA00000BFA /* BookDetailView.swift */,
				AAF2DF612BBEB61F00000BFA /* ChangePassword.swift */,
				AAF2DF632BBEB79000000BFA /* BookPdfView.swift */,
				AAF2DF652BBECA8D00000BFA /* LoginView.swift */,
			);
			path = View;
			sourceTree = "<group>";
		};
/* End PBXGroup section */

/* Begin PBXNativeTarget section */
		AAF2DF472BBE9DBA00000BFA /* PerpusUvers */ = {
			isa = PBXNativeTarget;
			buildConfigurationList = AAF2DF562BBE9DBC00000BFA /* Build configuration list for PBXNativeTarget "PerpusUvers" */;
			buildPhases = (
				AAF2DF442BBE9DBA00000BFA /* Sources */,
				AAF2DF452BBE9DBA00000BFA /* Frameworks */,
				AAF2DF462BBE9DBA00000BFA /* Resources */,
			);
			buildRules = (
			);
			dependencies = (
			);
			name = PerpusUvers;
			productName = PerpusUvers;
			productReference = AAF2DF482BBE9DBA00000BFA /* PerpusUvers.app */;
			productType = "com.apple.product-type.application";
		};
/* End PBXNativeTarget section */

/* Begin PBXProject section */
		AAF2DF402BBE9DBA00000BFA /* Project object */ = {
			isa = PBXProject;
			attributes = {
				BuildIndependentTargetsInParallel = 1;
				LastSwiftUpdateCheck = 1520;
				LastUpgradeCheck = 1520;
				TargetAttributes = {
					AAF2DF472BBE9DBA00000BFA = {
						CreatedOnToolsVersion = 15.2;
					};
				};
			};
			buildConfigurationList = AAF2DF432BBE9DBA00000BFA /* Build configuration list for PBXProject "PerpusUvers" */;
			compatibilityVersion = "Xcode 14.0";
			developmentRegion = en;
			hasScannedForEncodings = 0;
			knownRegions = (
				en,
				Base,
			);
			mainGroup = AAF2DF3F2BBE9DBA00000BFA;
			productRefGroup = AAF2DF492BBE9DBA00000BFA /* Products */;
			projectDirPath = "";
			projectRoot = "";
			targets = (
				AAF2DF472BBE9DBA00000BFA /* PerpusUvers */,
			);
		};
/* End PBXProject section */

/* Begin PBXResourcesBuildPhase section */
		AAF2DF462BBE9DBA00000BFA /* Resources */ = {
			isa = PBXResourcesBuildPhase;
			buildActionMask = 2147483647;
			files = (
				AAF2DF532BBE9DBC00000BFA /* Preview Assets.xcassets in Resources */,
				AAF2DF502BBE9DBC00000BFA /* Assets.xcassets in Resources */,
			);
			runOnlyForDeploymentPostprocessing = 0;
		};
/* End PBXResourcesBuildPhase section */

/* Begin PBXSourcesBuildPhase section */
		AAF2DF442BBE9DBA00000BFA /* Sources */ = {
			isa = PBXSourcesBuildPhase;
			buildActionMask = 2147483647;
			files = (
				AAF2DF642BBEB79000000BFA /* BookPdfView.swift in Sources */,
				AAF2DF5B2BBEA2C400000BFA /* APIManager.swift in Sources */,
				AAF2DF4E2BBE9DBA00000BFA /* ContentView.swift in Sources */,
				AAF2DF5D2BBEA2DE00000BFA /* BookModels.swift in Sources */,
				AAF2DF4C2BBE9DBA00000BFA /* PerpusUversApp.swift in Sources */,
				AAF2DF622BBEB61F00000BFA /* ChangePassword.swift in Sources */,
				AA928BC52BBF87AE000F478E /* PreventScreenshot.swift in Sources */,
				AAF2DF662BBECA8D00000BFA /* LoginView.swift in Sources */,
				AAF2DF682BBEE44900000BFA /* UserModel.swift in Sources */,
				AAF2DF5F2BBEB3AA00000BFA /* BookDetailView.swift in Sources */,
			);
			runOnlyForDeploymentPostprocessing = 0;
		};
/* End PBXSourcesBuildPhase section */

/* Begin XCBuildConfiguration section */
		AAF2DF542BBE9DBC00000BFA /* Debug */ = {
			isa = XCBuildConfiguration;
			buildSettings = {
				ALWAYS_SEARCH_USER_PATHS = NO;
				ASSETCATALOG_COMPILER_GENERATE_SWIFT_ASSET_SYMBOL_EXTENSIONS = YES;
				CLANG_ANALYZER_NONNULL = YES;
				CLANG_ANALYZER_NUMBER_OBJECT_CONVERSION = YES_AGGRESSIVE;
				CLANG_CXX_LANGUAGE_STANDARD = "gnu++20";
				CLANG_ENABLE_MODULES = YES;
				CLANG_ENABLE_OBJC_ARC = YES;
				CLANG_ENABLE_OBJC_WEAK = YES;
				CLANG_WARN_BLOCK_CAPTURE_AUTORELEASING = YES;
				CLANG_WARN_BOOL_CONVERSION = YES;
				CLANG_WARN_COMMA = YES;
				CLANG_WARN_CONSTANT_CONVERSION = YES;
				CLANG_WARN_DEPRECATED_OBJC_IMPLEMENTATIONS = YES;
				CLANG_WARN_DIRECT_OBJC_ISA_USAGE = YES_ERROR;
				CLANG_WARN_DOCUMENTATION_COMMENTS = YES;
				CLANG_WARN_EMPTY_BODY = YES;
				CLANG_WARN_ENUM_CONVERSION = YES;
				CLANG_WARN_INFINITE_RECURSION = YES;
				CLANG_WARN_INT_CONVERSION = YES;
				CLANG_WARN_NON_LITERAL_NULL_CONVERSION = YES;
				CLANG_WARN_OBJC_IMPLICIT_RETAIN_SELF = YES;
				CLANG_WARN_OBJC_LITERAL_CONVERSION = YES;
				CLANG_WARN_OBJC_ROOT_CLASS = YES_ERROR;
				CLANG_WARN_QUOTED_INCLUDE_IN_FRAMEWORK_HEADER = YES;
				CLANG_WARN_RANGE_LOOP_ANALYSIS = YES;
				CLANG_WARN_STRICT_PROTOTYPES = YES;
				CLANG_WARN_SUSPICIOUS_MOVE = YES;
				CLANG_WARN_UNGUARDED_AVAILABILITY = YES_AGGRESSIVE;
				CLANG_WARN_UNREACHABLE_CODE = YES;
				CLANG_WARN__DUPLICATE_METHOD_MATCH = YES;
				COPY_PHASE_STRIP = NO;
				DEBUG_INFORMATION_FORMAT = dwarf;
				ENABLE_STRICT_OBJC_MSGSEND = YES;
				ENABLE_TESTABILITY = YES;
				ENABLE_USER_SCRIPT_SANDBOXING = YES;
				GCC_C_LANGUAGE_STANDARD = gnu17;
				GCC_DYNAMIC_NO_PIC = NO;
				GCC_NO_COMMON_BLOCKS = YES;
				GCC_OPTIMIZATION_LEVEL = 0;
				GCC_PREPROCESSOR_DEFINITIONS = (
					"DEBUG=1",
					"$(inherited)",
				);
				GCC_WARN_64_TO_32_BIT_CONVERSION = YES;
				GCC_WARN_ABOUT_RETURN_TYPE = YES_ERROR;
				GCC_WARN_UNDECLARED_SELECTOR = YES;
				GCC_WARN_UNINITIALIZED_AUTOS = YES_AGGRESSIVE;
				GCC_WARN_UNUSED_FUNCTION = YES;
				GCC_WARN_UNUSED_VARIABLE = YES;
				IPHONEOS_DEPLOYMENT_TARGET = 17.2;
				LOCALIZATION_PREFERS_STRING_CATALOGS = YES;
				MTL_ENABLE_DEBUG_INFO = INCLUDE_SOURCE;
				MTL_FAST_MATH = YES;
				ONLY_ACTIVE_ARCH = YES;
				SDKROOT = iphoneos;
				SWIFT_ACTIVE_COMPILATION_CONDITIONS = "DEBUG $(inherited)";
				SWIFT_OPTIMIZATION_LEVEL = "-Onone";
			};
			name = Debug;
		};
		AAF2DF552BBE9DBC00000BFA /* Release */ = {
			isa = XCBuildConfiguration;
			buildSettings = {
				ALWAYS_SEARCH_USER_PATHS = NO;
				ASSETCATALOG_COMPILER_GENERATE_SWIFT_ASSET_SYMBOL_EXTENSIONS = YES;
				CLANG_ANALYZER_NONNULL = YES;
				CLANG_ANALYZER_NUMBER_OBJECT_CONVERSION = YES_AGGRESSIVE;
				CLANG_CXX_LANGUAGE_STANDARD = "gnu++20";
				CLANG_ENABLE_MODULES = YES;
				CLANG_ENABLE_OBJC_ARC = YES;
				CLANG_ENABLE_OBJC_WEAK = YES;
				CLANG_WARN_BLOCK_CAPTURE_AUTORELEASING = YES;
				CLANG_WARN_BOOL_CONVERSION = YES;
				CLANG_WARN_COMMA = YES;
				CLANG_WARN_CONSTANT_CONVERSION = YES;
				CLANG_WARN_DEPRECATED_OBJC_IMPLEMENTATIONS = YES;
				CLANG_WARN_DIRECT_OBJC_ISA_USAGE = YES_ERROR;
				CLANG_WARN_DOCUMENTATION_COMMENTS = YES;
				CLANG_WARN_EMPTY_BODY = YES;
				CLANG_WARN_ENUM_CONVERSION = YES;
				CLANG_WARN_INFINITE_RECURSION = YES;
				CLANG_WARN_INT_CONVERSION = YES;
				CLANG_WARN_NON_LITERAL_NULL_CONVERSION = YES;
				CLANG_WARN_OBJC_IMPLICIT_RETAIN_SELF = YES;
				CLANG_WARN_OBJC_LITERAL_CONVERSION = YES;
				CLANG_WARN_OBJC_ROOT_CLASS = YES_ERROR;
				CLANG_WARN_QUOTED_INCLUDE_IN_FRAMEWORK_HEADER = YES;
				CLANG_WARN_RANGE_LOOP_ANALYSIS = YES;
				CLANG_WARN_STRICT_PROTOTYPES = YES;
				CLANG_WARN_SUSPICIOUS_MOVE = YES;
				CLANG_WARN_UNGUARDED_AVAILABILITY = YES_AGGRESSIVE;
				CLANG_WARN_UNREACHABLE_CODE = YES;
				CLANG_WARN__DUPLICATE_METHOD_MATCH = YES;
				COPY_PHASE_STRIP = NO;
				DEBUG_INFORMATION_FORMAT = "dwarf-with-dsym";
				ENABLE_NS_ASSERTIONS = NO;
				ENABLE_STRICT_OBJC_MSGSEND = YES;
				ENABLE_USER_SCRIPT_SANDBOXING = YES;
				GCC_C_LANGUAGE_STANDARD = gnu17;
				GCC_NO_COMMON_BLOCKS = YES;
				GCC_WARN_64_TO_32_BIT_CONVERSION = YES;
				GCC_WARN_ABOUT_RETURN_TYPE = YES_ERROR;
				GCC_WARN_UNDECLARED_SELECTOR = YES;
				GCC_WARN_UNINITIALIZED_AUTOS = YES_AGGRESSIVE;
				GCC_WARN_UNUSED_FUNCTION = YES;
				GCC_WARN_UNUSED_VARIABLE = YES;
				IPHONEOS_DEPLOYMENT_TARGET = 17.2;
				LOCALIZATION_PREFERS_STRING_CATALOGS = YES;
				MTL_ENABLE_DEBUG_INFO = NO;
				MTL_FAST_MATH = YES;
				SDKROOT = iphoneos;
				SWIFT_COMPILATION_MODE = wholemodule;
				VALIDATE_PRODUCT = YES;
			};
			name = Release;
		};
		AAF2DF572BBE9DBC00000BFA /* Debug */ = {
			isa = XCBuildConfiguration;
			buildSettings = {
				ASSETCATALOG_COMPILER_APPICON_NAME = AppIcon;
				ASSETCATALOG_COMPILER_GLOBAL_ACCENT_COLOR_NAME = AccentColor;
				CODE_SIGN_STYLE = Automatic;
				CURRENT_PROJECT_VERSION = 1;
				DEVELOPMENT_ASSET_PATHS = "\"PerpusUvers/Preview Content\"";
				DEVELOPMENT_TEAM = CS5XNGFXH4;
				ENABLE_PREVIEWS = YES;
				GENERATE_INFOPLIST_FILE = YES;
				INFOPLIST_FILE = PerpusUvers/Info.plist;
				INFOPLIST_KEY_UIApplicationSceneManifest_Generation = YES;
				INFOPLIST_KEY_UIApplicationSupportsIndirectInputEvents = YES;
				INFOPLIST_KEY_UILaunchScreen_Generation = YES;
				INFOPLIST_KEY_UISupportedInterfaceOrientations_iPad = "UIInterfaceOrientationPortrait UIInterfaceOrientationPortraitUpsideDown UIInterfaceOrientationLandscapeLeft UIInterfaceOrientationLandscapeRight";
				INFOPLIST_KEY_UISupportedInterfaceOrientations_iPhone = "UIInterfaceOrientationPortrait UIInterfaceOrientationLandscapeLeft UIInterfaceOrientationLandscapeRight";
				IPHONEOS_DEPLOYMENT_TARGET = 17.0;
				LD_RUNPATH_SEARCH_PATHS = (
					"$(inherited)",
					"@executable_path/Frameworks",
				);
				MARKETING_VERSION = 1.0;
				PRODUCT_BUNDLE_IDENTIFIER = erwin.PerpusUvers;
				PRODUCT_NAME = "$(TARGET_NAME)";
				SWIFT_EMIT_LOC_STRINGS = YES;
				SWIFT_VERSION = 5.0;
				TARGETED_DEVICE_FAMILY = "1,2";
			};
			name = Debug;
		};
		AAF2DF582BBE9DBC00000BFA /* Release */ = {
			isa = XCBuildConfiguration;
			buildSettings = {
				ASSETCATALOG_COMPILER_APPICON_NAME = AppIcon;
				ASSETCATALOG_COMPILER_GLOBAL_ACCENT_COLOR_NAME = AccentColor;
				CODE_SIGN_STYLE = Automatic;
				CURRENT_PROJECT_VERSION = 1;
				DEVELOPMENT_ASSET_PATHS = "\"PerpusUvers/Preview Content\"";
				DEVELOPMENT_TEAM = CS5XNGFXH4;
				ENABLE_PREVIEWS = YES;
				GENERATE_INFOPLIST_FILE = YES;
				INFOPLIST_FILE = PerpusUvers/Info.plist;
				INFOPLIST_KEY_UIApplicationSceneManifest_Generation = YES;
				INFOPLIST_KEY_UIApplicationSupportsIndirectInputEvents = YES;
				INFOPLIST_KEY_UILaunchScreen_Generation = YES;
				INFOPLIST_KEY_UISupportedInterfaceOrientations_iPad = "UIInterfaceOrientationPortrait UIInterfaceOrientationPortraitUpsideDown UIInterfaceOrientationLandscapeLeft UIInterfaceOrientationLandscapeRight";
				INFOPLIST_KEY_UISupportedInterfaceOrientations_iPhone = "UIInterfaceOrientationPortrait UIInterfaceOrientationLandscapeLeft UIInterfaceOrientationLandscapeRight";
				IPHONEOS_DEPLOYMENT_TARGET = 17.0;
				LD_RUNPATH_SEARCH_PATHS = (
					"$(inherited)",
					"@executable_path/Frameworks",
				);
				MARKETING_VERSION = 1.0;
				PRODUCT_BUNDLE_IDENTIFIER = erwin.PerpusUvers;
				PRODUCT_NAME = "$(TARGET_NAME)";
				SWIFT_EMIT_LOC_STRINGS = YES;
				SWIFT_VERSION = 5.0;
				TARGETED_DEVICE_FAMILY = "1,2";
			};
			name = Release;
		};
/* End XCBuildConfiguration section */

/* Begin XCConfigurationList section */
		AAF2DF432BBE9DBA00000BFA /* Build configuration list for PBXProject "PerpusUvers" */ = {
			isa = XCConfigurationList;
			buildConfigurations = (
				AAF2DF542BBE9DBC00000BFA /* Debug */,
				AAF2DF552BBE9DBC00000BFA /* Release */,
			);
			defaultConfigurationIsVisible = 0;
			defaultConfigurationName = Release;
		};
		AAF2DF562BBE9DBC00000BFA /* Build configuration list for PBXNativeTarget "PerpusUvers" */ = {
			isa = XCConfigurationList;
			buildConfigurations = (
				AAF2DF572BBE9DBC00000BFA /* Debug */,
				AAF2DF582BBE9DBC00000BFA /* Release */,
			);
			defaultConfigurationIsVisible = 0;
			defaultConfigurationName = Release;
		};
/* End XCConfigurationList section */
	};
	rootObject = AAF2DF402BBE9DBA00000BFA /* Project object */;
}
